
Microsoft Visual Studio Solution File, Format Version 12.00
# Visual Studio Version 17
VisualStudioVersion = 17.3.32922.545
MinimumVisualStudioVersion = 10.0.40219.1
Project("{FAE04EC0-301F-11D3-BF4B-00C04F79EFBC}") = "SeleniumTestsProject", "SeleniumTestsProject\SeleniumTestsProject.csproj", "{310DCE5E-E1CA-4FB2-AB1B-10FA3268707C}"
EndProject
Global
	GlobalSection(SolutionConfigurationPlatforms) = preSolution
		Debug|Any CPU = Debug|Any CPU
		Release|Any CPU = Release|Any CPU
	EndGlobalSection
	GlobalSection(ProjectConfigurationPlatforms) = postSolution
		{310DCE5E-E1CA-4FB2-AB1B-10FA3268707C}.Debug|Any CPU.ActiveCfg = Debug|Any CPU
		{310DCE5E-E1CA-4FB2-AB1B-10FA3268707C}.Debug|Any CPU.Build.0 = Debug|Any CPU
		{310DCE5E-E1CA-4FB2-AB1B-10FA3268707C}.Release|Any CPU.ActiveCfg = Release|Any CPU
		{310DCE5E-E1CA-4FB2-AB1B-10FA3268707C}.Release|Any CPU.Build.0 = Release|Any CPU
	EndGlobalSection
	GlobalSection(SolutionProperties) = preSolution
		HideSolutionNode = FALSE
	EndGlobalSection
	GlobalSection(ExtensibilityGlobals) = postSolution
		SolutionGuid = {488A77A7-4C22-47CE-AE4D-E302DD18D110}
	EndGlobalSection
EndGlobal
